
Microsoft Visual Studio Solution File, Format Version 12.00
# Visual Studio Version 16
VisualStudioVersion = 16.0.30204.135
MinimumVisualStudioVersion = 10.0.40219.1
Project("{888888A0-9F3D-457C-B088-3A5042F75D52}") = "Running", "Running.pyproj", "{8C747EE5-96C1-493E-9AC5-E5B243120E38}"
EndProject
Global
	GlobalSection(SolutionConfigurationPlatforms) = preSolution
		Debug|Any CPU = Debug|Any CPU
		Release|Any CPU = Release|Any CPU
	EndGlobalSection
	GlobalSection(ProjectConfigurationPlatforms) = postSolution
		{8C747EE5-96C1-493E-9AC5-E5B243120E38}.Debug|Any CPU.ActiveCfg = Debug|Any CPU
		{8C747EE5-96C1-493E-9AC5-E5B243120E38}.Release|Any CPU.ActiveCfg = Release|Any CPU
	EndGlobalSection
	GlobalSection(SolutionProperties) = preSolution
		HideSolutionNode = FALSE
	EndGlobalSection
	GlobalSection(ExtensibilityGlobals) = postSolution
		SolutionGuid = {5F3BEB7A-1E38-483D-B4AF-231FB3B0BC5C}
	EndGlobalSection
EndGlobal
